
Microsoft Visual Studio Solution File, Format Version 12.00
# Visual Studio Version 17
VisualStudioVersion = 17.0.32112.339
MinimumVisualStudioVersion = 10.0.40219.1
Project("{FAE04EC0-301F-11D3-BF4B-00C04F79EFBC}") = "RestSampleApp", "RestSampleApp\RestSampleApp.csproj", "{B127D4C2-E275-4792-9983-77A452A35041}"
EndProject
Global
	GlobalSection(SolutionConfigurationPlatforms) = preSolution
		Debug|Any CPU = Debug|Any CPU
		Release|Any CPU = Release|Any CPU
	EndGlobalSection
	GlobalSection(ProjectConfigurationPlatforms) = postSolution
		{B127D4C2-E275-4792-9983-77A452A35041}.Debug|Any CPU.ActiveCfg = Debug|Any CPU
		{B127D4C2-E275-4792-9983-77A452A35041}.Debug|Any CPU.Build.0 = Debug|Any CPU
		{B127D4C2-E275-4792-9983-77A452A35041}.Release|Any CPU.ActiveCfg = Release|Any CPU
		{B127D4C2-E275-4792-9983-77A452A35041}.Release|Any CPU.Build.0 = Release|Any CPU
	EndGlobalSection
	GlobalSection(SolutionProperties) = preSolution
		HideSolutionNode = FALSE
	EndGlobalSection
	GlobalSection(ExtensibilityGlobals) = postSolution
		SolutionGuid = {630B10D9-B555-4BC3-BAE2-2F29E7F8A41C}
	EndGlobalSection
EndGlobal
